// !$*UTF8*$!
{
	archiveVersion = 1;
	classes = {
	};
	objectVersion = 50;
	objects = {

/* Begin PBXBuildFile section */
		94F70C53F99B98E9CAB44E73 /* Pods_Quick_ToDo.framework in Frameworks */ = {isa = PBXBuildFile; fileRef = 77DAC2108A99D3C9023144ED /* Pods_Quick_ToDo.framework */; };
		B8E6CBA2207EC51B00942EF5 /* AppDelegate.swift in Sources */ = {isa = PBXBuildFile; fileRef = B8E6CBA1207EC51B00942EF5 /* AppDelegate.swift */; };
		B8E6CBA4207EC51B00942EF5 /* MasterViewController.swift in Sources */ = {isa = PBXBuildFile; fileRef = B8E6CBA3207EC51B00942EF5 /* MasterViewController.swift */; };
		B8E6CBA6207EC51B00942EF5 /* DetailViewController.swift in Sources */ = {isa = PBXBuildFile; fileRef = B8E6CBA5207EC51B00942EF5 /* DetailViewController.swift */; };
		B8E6CBA9207EC51B00942EF5 /* Main.storyboard in Resources */ = {isa = PBXBuildFile; fileRef = B8E6CBA7207EC51B00942EF5 /* Main.storyboard */; };
		B8E6CBAB207EC51E00942EF5 /* Assets.xcassets in Resources */ = {isa = PBXBuildFile; fileRef = B8E6CBAA207EC51E00942EF5 /* Assets.xcassets */; };
		B8E6CBAE207EC51E00942EF5 /* LaunchScreen.storyboard in Resources */ = {isa = PBXBuildFile; fileRef = B8E6CBAC207EC51E00942EF5 /* LaunchScreen.storyboard */; };
		B8E6CBB6207ED6BA00942EF5 /* DataEntryController.swift in Sources */ = {isa = PBXBuildFile; fileRef = B8E6CBB5207ED6BA00942EF5 /* DataEntryController.swift */; };
		B8E6CBB8207EE73400942EF5 /* Data.swift in Sources */ = {isa = PBXBuildFile; fileRef = B8E6CBB7207EE73400942EF5 /* Data.swift */; };
		B8E6CBDA207FDAE500942EF5 /* List.swift in Sources */ = {isa = PBXBuildFile; fileRef = B8E6CBD9207FDAE500942EF5 /* List.swift */; };
		B8E6CBDC207FDB0000942EF5 /* Task.swift in Sources */ = {isa = PBXBuildFile; fileRef = B8E6CBDB207FDB0000942EF5 /* Task.swift */; };
		B8E6CBDE208175A700942EF5 /* GoogleService-Info.plist in Resources */ = {isa = PBXBuildFile; fileRef = B8E6CBDD208175A700942EF5 /* GoogleService-Info.plist */; };
/* End PBXBuildFile section */

/* Begin PBXFileReference section */
		01313A95736D6577E587077F /* Pods-Quick-ToDo.release.xcconfig */ = {isa = PBXFileReference; includeInIndex = 1; lastKnownFileType = text.xcconfig; name = "Pods-Quick-ToDo.release.xcconfig"; path = "Pods/Target Support Files/Pods-Quick-ToDo/Pods-Quick-ToDo.release.xcconfig"; sourceTree = "<group>"; };
		1178AE4A2FB4E8786DF20B09 /* Pods-Quick-ToDo.debug.xcconfig */ = {isa = PBXFileReference; includeInIndex = 1; lastKnownFileType = text.xcconfig; name = "Pods-Quick-ToDo.debug.xcconfig"; path = "Pods/Target Support Files/Pods-Quick-ToDo/Pods-Quick-ToDo.debug.xcconfig"; sourceTree = "<group>"; };
		77DAC2108A99D3C9023144ED /* Pods_Quick_ToDo.framework */ = {isa = PBXFileReference; explicitFileType = wrapper.framework; includeInIndex = 0; path = Pods_Quick_ToDo.framework; sourceTree = BUILT_PRODUCTS_DIR; };
		B8E6CB9E207EC51B00942EF5 /* Quick-ToDo.app */ = {isa = PBXFileReference; explicitFileType = wrapper.application; includeInIndex = 0; path = "Quick-ToDo.app"; sourceTree = BUILT_PRODUCTS_DIR; };
		B8E6CBA1207EC51B00942EF5 /* AppDelegate.swift */ = {isa = PBXFileReference; lastKnownFileType = sourcecode.swift; path = AppDelegate.swift; sourceTree = "<group>"; };
		B8E6CBA3207EC51B00942EF5 /* MasterViewController.swift */ = {isa = PBXFileReference; lastKnownFileType = sourcecode.swift; path = MasterViewController.swift; sourceTree = "<group>"; };
		B8E6CBA5207EC51B00942EF5 /* DetailViewController.swift */ = {isa = PBXFileReference; lastKnownFileType = sourcecode.swift; path = DetailViewController.swift; sourceTree = "<group>"; };
		B8E6CBA8207EC51B00942EF5 /* Base */ = {isa = PBXFileReference; lastKnownFileType = file.storyboard; name = Base; path = Base.lproj/Main.storyboard; sourceTree = "<group>"; };
		B8E6CBAA207EC51E00942EF5 /* Assets.xcassets */ = {isa = PBXFileReference; lastKnownFileType = folder.assetcatalog; path = Assets.xcassets; sourceTree = "<group>"; };
		B8E6CBAD207EC51E00942EF5 /* Base */ = {isa = PBXFileReference; lastKnownFileType = file.storyboard; name = Base; path = Base.lproj/LaunchScreen.storyboard; sourceTree = "<group>"; };
		B8E6CBAF207EC51E00942EF5 /* Info.plist */ = {isa = PBXFileReference; lastKnownFileType = text.plist.xml; path = Info.plist; sourceTree = "<group>"; };
		B8E6CBB5207ED6BA00942EF5 /* DataEntryController.swift */ = {isa = PBXFileReference; lastKnownFileType = sourcecode.swift; path = DataEntryController.swift; sourceTree = "<group>"; };
		B8E6CBB7207EE73400942EF5 /* Data.swift */ = {isa = PBXFileReference; lastKnownFileType = sourcecode.swift; path = Data.swift; sourceTree = "<group>"; };
		B8E6CBD9207FDAE500942EF5 /* List.swift */ = {isa = PBXFileReference; lastKnownFileType = sourcecode.swift; path = List.swift; sourceTree = "<group>"; };
		B8E6CBDB207FDB0000942EF5 /* Task.swift */ = {isa = PBXFileReference; lastKnownFileType = sourcecode.swift; path = Task.swift; sourceTree = "<group>"; };
		B8E6CBDD208175A700942EF5 /* GoogleService-Info.plist */ = {isa = PBXFileReference; fileEncoding = 4; lastKnownFileType = text.plist.xml; path = "GoogleService-Info.plist"; sourceTree = "<group>"; };
/* End PBXFileReference section */

/* Begin PBXFrameworksBuildPhase section */
		B8E6CB9B207EC51B00942EF5 /* Frameworks */ = {
			isa = PBXFrameworksBuildPhase;
			buildActionMask = 2147483647;
			files = (
				94F70C53F99B98E9CAB44E73 /* Pods_Quick_ToDo.framework in Frameworks */,
			);
			runOnlyForDeploymentPostprocessing = 0;
		};
/* End PBXFrameworksBuildPhase section */

/* Begin PBXGroup section */
		102ADD9EF7D00435F3B91F85 /* Pods */ = {
			isa = PBXGroup;
			children = (
				1178AE4A2FB4E8786DF20B09 /* Pods-Quick-ToDo.debug.xcconfig */,
				01313A95736D6577E587077F /* Pods-Quick-ToDo.release.xcconfig */,
			);
			name = Pods;
			sourceTree = "<group>";
		};
		3DCF70153EC62FB74D9547A3 /* Frameworks */ = {
			isa = PBXGroup;
			children = (
				77DAC2108A99D3C9023144ED /* Pods_Quick_ToDo.framework */,
			);
			name = Frameworks;
			sourceTree = "<group>";
		};
		B8E6CB95207EC51B00942EF5 = {
			isa = PBXGroup;
			children = (
				B8E6CBA0207EC51B00942EF5 /* Quick-ToDo */,
				B8E6CB9F207EC51B00942EF5 /* Products */,
				102ADD9EF7D00435F3B91F85 /* Pods */,
				3DCF70153EC62FB74D9547A3 /* Frameworks */,
			);
			sourceTree = "<group>";
		};
		B8E6CB9F207EC51B00942EF5 /* Products */ = {
			isa = PBXGroup;
			children = (
				B8E6CB9E207EC51B00942EF5 /* Quick-ToDo.app */,
			);
			name = Products;
			sourceTree = "<group>";
		};
		B8E6CBA0207EC51B00942EF5 /* Quick-ToDo */ = {
			isa = PBXGroup;
			children = (
				B8E6CBA1207EC51B00942EF5 /* AppDelegate.swift */,
				B8E6CBA3207EC51B00942EF5 /* MasterViewController.swift */,
				B8E6CBB5207ED6BA00942EF5 /* DataEntryController.swift */,
				B8E6CBB7207EE73400942EF5 /* Data.swift */,
				B8E6CBD9207FDAE500942EF5 /* List.swift */,
				B8E6CBDB207FDB0000942EF5 /* Task.swift */,
				B8E6CBA5207EC51B00942EF5 /* DetailViewController.swift */,
				B8E6CBA7207EC51B00942EF5 /* Main.storyboard */,
				B8E6CBAA207EC51E00942EF5 /* Assets.xcassets */,
				B8E6CBAC207EC51E00942EF5 /* LaunchScreen.storyboard */,
				B8E6CBDD208175A700942EF5 /* GoogleService-Info.plist */,
				B8E6CBAF207EC51E00942EF5 /* Info.plist */,
			);
			path = "Quick-ToDo";
			sourceTree = "<group>";
		};
/* End PBXGroup section */

/* Begin PBXNativeTarget section */
		B8E6CB9D207EC51B00942EF5 /* Quick-ToDo */ = {
			isa = PBXNativeTarget;
			buildConfigurationList = B8E6CBB2207EC51E00942EF5 /* Build configuration list for PBXNativeTarget "Quick-ToDo" */;
			buildPhases = (
				370FFD55F4E93509EF2C73BC /* [CP] Check Pods Manifest.lock */,
				B8E6CB9A207EC51B00942EF5 /* Sources */,
				B8E6CB9B207EC51B00942EF5 /* Frameworks */,
				B8E6CB9C207EC51B00942EF5 /* Resources */,
				81C17F144FE2EF8C58882791 /* [CP] Embed Pods Frameworks */,
			);
			buildRules = (
			);
			dependencies = (
			);
			name = "Quick-ToDo";
			productName = "Quick-ToDo";
			productReference = B8E6CB9E207EC51B00942EF5 /* Quick-ToDo.app */;
			productType = "com.apple.product-type.application";
		};
/* End PBXNativeTarget section */

/* Begin PBXProject section */
		B8E6CB96207EC51B00942EF5 /* Project object */ = {
			isa = PBXProject;
			attributes = {
				LastSwiftUpdateCheck = 0930;
				LastUpgradeCheck = 0930;
				ORGANIZATIONNAME = "Chris Hahn";
				TargetAttributes = {
					B8E6CB9D207EC51B00942EF5 = {
						CreatedOnToolsVersion = 9.3;
					};
				};
			};
			buildConfigurationList = B8E6CB99207EC51B00942EF5 /* Build configuration list for PBXProject "Quick-ToDo" */;
			compatibilityVersion = "Xcode 9.3";
			developmentRegion = en;
			hasScannedForEncodings = 0;
			knownRegions = (
				en,
				Base,
			);
			mainGroup = B8E6CB95207EC51B00942EF5;
			productRefGroup = B8E6CB9F207EC51B00942EF5 /* Products */;
			projectDirPath = "";
			projectRoot = "";
			targets = (
				B8E6CB9D207EC51B00942EF5 /* Quick-ToDo */,
			);
		};
/* End PBXProject section */

/* Begin PBXResourcesBuildPhase section */
		B8E6CB9C207EC51B00942EF5 /* Resources */ = {
			isa = PBXResourcesBuildPhase;
			buildActionMask = 2147483647;
			files = (
				B8E6CBAE207EC51E00942EF5 /* LaunchScreen.storyboard in Resources */,
				B8E6CBDE208175A700942EF5 /* GoogleService-Info.plist in Resources */,
				B8E6CBAB207EC51E00942EF5 /* Assets.xcassets in Resources */,
				B8E6CBA9207EC51B00942EF5 /* Main.storyboard in Resources */,
			);
			runOnlyForDeploymentPostprocessing = 0;
		};
/* End PBXResourcesBuildPhase section */

/* Begin PBXShellScriptBuildPhase section */
		370FFD55F4E93509EF2C73BC /* [CP] Check Pods Manifest.lock */ = {
			isa = PBXShellScriptBuildPhase;
			buildActionMask = 2147483647;
			files = (
			);
			inputPaths = (
				"${PODS_PODFILE_DIR_PATH}/Podfile.lock",
				"${PODS_ROOT}/Manifest.lock",
			);
			name = "[CP] Check Pods Manifest.lock";
			outputPaths = (
				"$(DERIVED_FILE_DIR)/Pods-Quick-ToDo-checkManifestLockResult.txt",
			);
			runOnlyForDeploymentPostprocessing = 0;
			shellPath = /bin/sh;
			shellScript = "diff \"${PODS_PODFILE_DIR_PATH}/Podfile.lock\" \"${PODS_ROOT}/Manifest.lock\" > /dev/null\nif [ $? != 0 ] ; then\n    # print error to STDERR\n    echo \"error: The sandbox is not in sync with the Podfile.lock. Run 'pod install' or update your CocoaPods installation.\" >&2\n    exit 1\nfi\n# This output is used by Xcode 'outputs' to avoid re-running this script phase.\necho \"SUCCESS\" > \"${SCRIPT_OUTPUT_FILE_0}\"\n";
			showEnvVarsInLog = 0;
		};
		81C17F144FE2EF8C58882791 /* [CP] Embed Pods Frameworks */ = {
			isa = PBXShellScriptBuildPhase;
			buildActionMask = 2147483647;
			files = (
			);
			inputPaths = (
				"${SRCROOT}/Pods/Target Support Files/Pods-Quick-ToDo/Pods-Quick-ToDo-frameworks.sh",
				"${BUILT_PRODUCTS_DIR}/GTMSessionFetcher/GTMSessionFetcher.framework",
				"${BUILT_PRODUCTS_DIR}/GoogleToolboxForMac/GoogleToolboxForMac.framework",
				"${BUILT_PRODUCTS_DIR}/leveldb-library/leveldb.framework",
				"${BUILT_PRODUCTS_DIR}/nanopb/nanopb.framework",
			);
			name = "[CP] Embed Pods Frameworks";
			outputPaths = (
				"${TARGET_BUILD_DIR}/${FRAMEWORKS_FOLDER_PATH}/GTMSessionFetcher.framework",
				"${TARGET_BUILD_DIR}/${FRAMEWORKS_FOLDER_PATH}/GoogleToolboxForMac.framework",
				"${TARGET_BUILD_DIR}/${FRAMEWORKS_FOLDER_PATH}/leveldb.framework",
				"${TARGET_BUILD_DIR}/${FRAMEWORKS_FOLDER_PATH}/nanopb.framework",
			);
			runOnlyForDeploymentPostprocessing = 0;
			shellPath = /bin/sh;
			shellScript = "\"${SRCROOT}/Pods/Target Support Files/Pods-Quick-ToDo/Pods-Quick-ToDo-frameworks.sh\"\n";
			showEnvVarsInLog = 0;
		};
/* End PBXShellScriptBuildPhase section */

/* Begin PBXSourcesBuildPhase section */
		B8E6CB9A207EC51B00942EF5 /* Sources */ = {
			isa = PBXSourcesBuildPhase;
			buildActionMask = 2147483647;
			files = (
				B8E6CBB6207ED6BA00942EF5 /* DataEntryController.swift in Sources */,
				B8E6CBB8207EE73400942EF5 /* Data.swift in Sources */,
				B8E6CBA6207EC51B00942EF5 /* DetailViewController.swift in Sources */,
				B8E6CBA4207EC51B00942EF5 /* MasterViewController.swift in Sources */,
				B8E6CBA2207EC51B00942EF5 /* AppDelegate.swift in Sources */,
				B8E6CBDC207FDB0000942EF5 /* Task.swift in Sources */,
				B8E6CBDA207FDAE500942EF5 /* List.swift in Sources */,
			);
			runOnlyForDeploymentPostprocessing = 0;
		};
/* End PBXSourcesBuildPhase section */

/* Begin PBXVariantGroup section */
		B8E6CBA7207EC51B00942EF5 /* Main.storyboard */ = {
			isa = PBXVariantGroup;
			children = (
				B8E6CBA8207EC51B00942EF5 /* Base */,
			);
			name = Main.storyboard;
			sourceTree = "<group>";
		};
		B8E6CBAC207EC51E00942EF5 /* LaunchScreen.storyboard */ = {
			isa = PBXVariantGroup;
			children = (
				B8E6CBAD207EC51E00942EF5 /* Base */,
			);
			name = LaunchScreen.storyboard;
			sourceTree = "<group>";
		};
/* End PBXVariantGroup section */

/* Begin XCBuildConfiguration section */
		B8E6CBB0207EC51E00942EF5 /* Debug */ = {
			isa = XCBuildConfiguration;
			buildSettings = {
				ALWAYS_SEARCH_USER_PATHS = NO;
				CLANG_ANALYZER_NONNULL = YES;
				CLANG_ANALYZER_NUMBER_OBJECT_CONVERSION = YES_AGGRESSIVE;
				CLANG_CXX_LANGUAGE_STANDARD = "gnu++14";
				CLANG_CXX_LIBRARY = "libc++";
				CLANG_ENABLE_MODULES = YES;
				CLANG_ENABLE_OBJC_ARC = YES;
				CLANG_ENABLE_OBJC_WEAK = YES;
				CLANG_WARN_BLOCK_CAPTURE_AUTORELEASING = YES;
				CLANG_WARN_BOOL_CONVERSION = YES;
				CLANG_WARN_COMMA = YES;
				CLANG_WARN_CONSTANT_CONVERSION = YES;
				CLANG_WARN_DEPRECATED_OBJC_IMPLEMENTATIONS = YES;
				CLANG_WARN_DIRECT_OBJC_ISA_USAGE = YES_ERROR;
				CLANG_WARN_DOCUMENTATION_COMMENTS = YES;
				CLANG_WARN_EMPTY_BODY = YES;
				CLANG_WARN_ENUM_CONVERSION = YES;
				CLANG_WARN_INFINITE_RECURSION = YES;
				CLANG_WARN_INT_CONVERSION = YES;
				CLANG_WARN_NON_LITERAL_NULL_CONVERSION = YES;
				CLANG_WARN_OBJC_IMPLICIT_RETAIN_SELF = YES;
				CLANG_WARN_OBJC_LITERAL_CONVERSION = YES;
				CLANG_WARN_OBJC_ROOT_CLASS = YES_ERROR;
				CLANG_WARN_RANGE_LOOP_ANALYSIS = YES;
				CLANG_WARN_STRICT_PROTOTYPES = YES;
				CLANG_WARN_SUSPICIOUS_MOVE = YES;
				CLANG_WARN_UNGUARDED_AVAILABILITY = YES_AGGRESSIVE;
				CLANG_WARN_UNREACHABLE_CODE = YES;
				CLANG_WARN__DUPLICATE_METHOD_MATCH = YES;
				CODE_SIGN_IDENTITY = "iPhone Developer";
				COPY_PHASE_STRIP = NO;
				DEBUG_INFORMATION_FORMAT = dwarf;
				ENABLE_STRICT_OBJC_MSGSEND = YES;
				ENABLE_TESTABILITY = YES;
				GCC_C_LANGUAGE_STANDARD = gnu11;
				GCC_DYNAMIC_NO_PIC = NO;
				GCC_NO_COMMON_BLOCKS = YES;
				GCC_OPTIMIZATION_LEVEL = 0;
				GCC_PREPROCESSOR_DEFINITIONS = (
					"DEBUG=1",
					"$(inherited)",
				);
				GCC_WARN_64_TO_32_BIT_CONVERSION = YES;
				GCC_WARN_ABOUT_RETURN_TYPE = YES_ERROR;
				GCC_WARN_UNDECLARED_SELECTOR = YES;
				GCC_WARN_UNINITIALIZED_AUTOS = YES_AGGRESSIVE;
				GCC_WARN_UNUSED_FUNCTION = YES;
				GCC_WARN_UNUSED_VARIABLE = YES;
				IPHONEOS_DEPLOYMENT_TARGET = 11.3;
				MTL_ENABLE_DEBUG_INFO = YES;
				ONLY_ACTIVE_ARCH = YES;
				SDKROOT = iphoneos;
				SWIFT_ACTIVE_COMPILATION_CONDITIONS = DEBUG;
				SWIFT_OPTIMIZATION_LEVEL = "-Onone";
			};
			name = Debug;
		};
		B8E6CBB1207EC51E00942EF5 /* Release */ = {
			isa = XCBuildConfiguration;
			buildSettings = {
				ALWAYS_SEARCH_USER_PATHS = NO;
				CLANG_ANALYZER_NONNULL = YES;
				CLANG_ANALYZER_NUMBER_OBJECT_CONVERSION = YES_AGGRESSIVE;
				CLANG_CXX_LANGUAGE_STANDARD = "gnu++14";
				CLANG_CXX_LIBRARY = "libc++";
				CLANG_ENABLE_MODULES = YES;
				CLANG_ENABLE_OBJC_ARC = YES;
				CLANG_ENABLE_OBJC_WEAK = YES;
				CLANG_WARN_BLOCK_CAPTURE_AUTORELEASING = YES;
				CLANG_WARN_BOOL_CONVERSION = YES;
				CLANG_WARN_COMMA = YES;
				CLANG_WARN_CONSTANT_CONVERSION = YES;
				CLANG_WARN_DEPRECATED_OBJC_IMPLEMENTATIONS = YES;
				CLANG_WARN_DIRECT_OBJC_ISA_USAGE = YES_ERROR;
				CLANG_WARN_DOCUMENTATION_COMMENTS = YES;
				CLANG_WARN_EMPTY_BODY = YES;
				CLANG_WARN_ENUM_CONVERSION = YES;
				CLANG_WARN_INFINITE_RECURSION = YES;
				CLANG_WARN_INT_CONVERSION = YES;
				CLANG_WARN_NON_LITERAL_NULL_CONVERSION = YES;
				CLANG_WARN_OBJC_IMPLICIT_RETAIN_SELF = YES;
				CLANG_WARN_OBJC_LITERAL_CONVERSION = YES;
				CLANG_WARN_OBJC_ROOT_CLASS = YES_ERROR;
				CLANG_WARN_RANGE_LOOP_ANALYSIS = YES;
				CLANG_WARN_STRICT_PROTOTYPES = YES;
				CLANG_WARN_SUSPICIOUS_MOVE = YES;
				CLANG_WARN_UNGUARDED_AVAILABILITY = YES_AGGRESSIVE;
				CLANG_WARN_UNREACHABLE_CODE = YES;
				CLANG_WARN__DUPLICATE_METHOD_MATCH = YES;
				CODE_SIGN_IDENTITY = "iPhone Developer";
				COPY_PHASE_STRIP = NO;
				DEBUG_INFORMATION_FORMAT = "dwarf-with-dsym";
				ENABLE_NS_ASSERTIONS = NO;
				ENABLE_STRICT_OBJC_MSGSEND = YES;
				GCC_C_LANGUAGE_STANDARD = gnu11;
				GCC_NO_COMMON_BLOCKS = YES;
				GCC_WARN_64_TO_32_BIT_CONVERSION = YES;
				GCC_WARN_ABOUT_RETURN_TYPE = YES_ERROR;
				GCC_WARN_UNDECLARED_SELECTOR = YES;
				GCC_WARN_UNINITIALIZED_AUTOS = YES_AGGRESSIVE;
				GCC_WARN_UNUSED_FUNCTION = YES;
				GCC_WARN_UNUSED_VARIABLE = YES;
				IPHONEOS_DEPLOYMENT_TARGET = 11.3;
				MTL_ENABLE_DEBUG_INFO = NO;
				SDKROOT = iphoneos;
				SWIFT_COMPILATION_MODE = wholemodule;
				SWIFT_OPTIMIZATION_LEVEL = "-O";
				VALIDATE_PRODUCT = YES;
			};
			name = Release;
		};
		B8E6CBB3207EC51E00942EF5 /* Debug */ = {
			isa = XCBuildConfiguration;
			baseConfigurationReference = 1178AE4A2FB4E8786DF20B09 /* Pods-Quick-ToDo.debug.xcconfig */;
			buildSettings = {
				ASSETCATALOG_COMPILER_APPICON_NAME = AppIcon;
				CODE_SIGN_STYLE = Automatic;
				DEVELOPMENT_TEAM = HYUL7NU4WZ;
				INFOPLIST_FILE = "Quick-ToDo/Info.plist";
				LD_RUNPATH_SEARCH_PATHS = (
					"$(inherited)",
					"@executable_path/Frameworks",
				);
				PRODUCT_BUNDLE_IDENTIFIER = "com.sturnella.Quick-ToDo";
				PRODUCT_NAME = "$(TARGET_NAME)";
				SWIFT_VERSION = 4.0;
				TARGETED_DEVICE_FAMILY = "1,2";
			};
			name = Debug;
		};
		B8E6CBB4207EC51E00942EF5 /* Release */ = {
			isa = XCBuildConfiguration;
			baseConfigurationReference = 01313A95736D6577E587077F /* Pods-Quick-ToDo.release.xcconfig */;
			buildSettings = {
				ASSETCATALOG_COMPILER_APPICON_NAME = AppIcon;
				CODE_SIGN_STYLE = Automatic;
				DEVELOPMENT_TEAM = HYUL7NU4WZ;
				INFOPLIST_FILE = "Quick-ToDo/Info.plist";
				LD_RUNPATH_SEARCH_PATHS = (
					"$(inherited)",
					"@executable_path/Frameworks",
				);
				PRODUCT_BUNDLE_IDENTIFIER = "com.sturnella.Quick-ToDo";
				PRODUCT_NAME = "$(TARGET_NAME)";
				SWIFT_VERSION = 4.0;
				TARGETED_DEVICE_FAMILY = "1,2";
			};
			name = Release;
		};
/* End XCBuildConfiguration section */

/* Begin XCConfigurationList section */
		B8E6CB99207EC51B00942EF5 /* Build configuration list for PBXProject "Quick-ToDo" */ = {
			isa = XCConfigurationList;
			buildConfigurations = (
				B8E6CBB0207EC51E00942EF5 /* Debug */,
				B8E6CBB1207EC51E00942EF5 /* Release */,
			);
			defaultConfigurationIsVisible = 0;
			defaultConfigurationName = Release;
		};
		B8E6CBB2207EC51E00942EF5 /* Build configuration list for PBXNativeTarget "Quick-ToDo" */ = {
			isa = XCConfigurationList;
			buildConfigurations = (
				B8E6CBB3207EC51E00942EF5 /* Debug */,
				B8E6CBB4207EC51E00942EF5 /* Release */,
			);
			defaultConfigurationIsVisible = 0;
			defaultConfigurationName = Release;
		};
/* End XCConfigurationList section */
	};
	rootObject = B8E6CB96207EC51B00942EF5 /* Project object */;
}
